
Microsoft Visual Studio Solution File, Format Version 12.00
# Visual Studio Version 16
VisualStudioVersion = 16.0.30204.135
MinimumVisualStudioVersion = 10.0.40219.1
Project("{FAE04EC0-301F-11D3-BF4B-00C04F79EFBC}") = "Galchenko.TestTask.Domain", "src\Galchenko.TestTask.Domain\Galchenko.TestTask.Domain.csproj", "{C9DEAFFB-EEBA-4214-A46C-D4800AF2DC21}"
EndProject
Project("{2150E333-8FDC-42A3-9474-1A3956D46DE8}") = "src", "src", "{FEB6C2AD-1F14-4459-A0C5-84EEF0C78057}"
EndProject
Global
	GlobalSection(SolutionConfigurationPlatforms) = preSolution
		Debug|Any CPU = Debug|Any CPU
		Release|Any CPU = Release|Any CPU
	EndGlobalSection
	GlobalSection(ProjectConfigurationPlatforms) = postSolution
		{C9DEAFFB-EEBA-4214-A46C-D4800AF2DC21}.Debug|Any CPU.ActiveCfg = Debug|Any CPU
		{C9DEAFFB-EEBA-4214-A46C-D4800AF2DC21}.Debug|Any CPU.Build.0 = Debug|Any CPU
		{C9DEAFFB-EEBA-4214-A46C-D4800AF2DC21}.Release|Any CPU.ActiveCfg = Release|Any CPU
		{C9DEAFFB-EEBA-4214-A46C-D4800AF2DC21}.Release|Any CPU.Build.0 = Release|Any CPU
	EndGlobalSection
	GlobalSection(SolutionProperties) = preSolution
		HideSolutionNode = FALSE
	EndGlobalSection
	GlobalSection(NestedProjects) = preSolution
		{C9DEAFFB-EEBA-4214-A46C-D4800AF2DC21} = {FEB6C2AD-1F14-4459-A0C5-84EEF0C78057}
	EndGlobalSection
	GlobalSection(ExtensibilityGlobals) = postSolution
		SolutionGuid = {8B513EDA-FDD7-4152-874F-D638F14294EE}
	EndGlobalSection
EndGlobal
